// !$*UTF8*$!
{
	archiveVersion = 1;
	classes = {
	};
	objectVersion = 50;
	objects = {

/* Begin PBXBuildFile section */
		AD15766F26AEF455001D99C3 /* AppDelegate.swift in Sources */ = {isa = PBXBuildFile; fileRef = AD15766E26AEF455001D99C3 /* AppDelegate.swift */; };
		AD15767126AEF455001D99C3 /* SceneDelegate.swift in Sources */ = {isa = PBXBuildFile; fileRef = AD15767026AEF455001D99C3 /* SceneDelegate.swift */; };
		AD15767326AEF455001D99C3 /* ViewController.swift in Sources */ = {isa = PBXBuildFile; fileRef = AD15767226AEF455001D99C3 /* ViewController.swift */; };
		AD15767626AEF455001D99C3 /* Main.storyboard in Resources */ = {isa = PBXBuildFile; fileRef = AD15767426AEF455001D99C3 /* Main.storyboard */; };
		AD15767926AEF455001D99C3 /* LoginGuide.xcdatamodeld in Sources */ = {isa = PBXBuildFile; fileRef = AD15767726AEF455001D99C3 /* LoginGuide.xcdatamodeld */; };
		AD15767B26AEF455001D99C3 /* Assets.xcassets in Resources */ = {isa = PBXBuildFile; fileRef = AD15767A26AEF455001D99C3 /* Assets.xcassets */; };
		AD15767E26AEF455001D99C3 /* LaunchScreen.storyboard in Resources */ = {isa = PBXBuildFile; fileRef = AD15767C26AEF455001D99C3 /* LaunchScreen.storyboard */; };
		AD15768626AEFCAD001D99C3 /* PageCell.swift in Sources */ = {isa = PBXBuildFile; fileRef = AD15768526AEFCAD001D99C3 /* PageCell.swift */; };
		AD25EE0026B03DC30013687D /* Page.swift in Sources */ = {isa = PBXBuildFile; fileRef = AD25EDFF26B03DC30013687D /* Page.swift */; };
		AD25EE0226B052990013687D /* Extenstions.swift in Sources */ = {isa = PBXBuildFile; fileRef = AD25EE0126B052990013687D /* Extenstions.swift */; };
		AD32A50D26B2B19E00FA5144 /* LoginCell.swift in Sources */ = {isa = PBXBuildFile; fileRef = AD32A50C26B2B19E00FA5144 /* LoginCell.swift */; };
/* End PBXBuildFile section */

/* Begin PBXFileReference section */
		AD15766B26AEF455001D99C3 /* LoginGuide.app */ = {isa = PBXFileReference; explicitFileType = wrapper.application; includeInIndex = 0; path = LoginGuide.app; sourceTree = BUILT_PRODUCTS_DIR; };
		AD15766E26AEF455001D99C3 /* AppDelegate.swift */ = {isa = PBXFileReference; lastKnownFileType = sourcecode.swift; path = AppDelegate.swift; sourceTree = "<group>"; };
		AD15767026AEF455001D99C3 /* SceneDelegate.swift */ = {isa = PBXFileReference; lastKnownFileType = sourcecode.swift; path = SceneDelegate.swift; sourceTree = "<group>"; };
		AD15767226AEF455001D99C3 /* ViewController.swift */ = {isa = PBXFileReference; lastKnownFileType = sourcecode.swift; path = ViewController.swift; sourceTree = "<group>"; };
		AD15767526AEF455001D99C3 /* Base */ = {isa = PBXFileReference; lastKnownFileType = file.storyboard; name = Base; path = Base.lproj/Main.storyboard; sourceTree = "<group>"; };
		AD15767826AEF455001D99C3 /* LoginGuide.xcdatamodel */ = {isa = PBXFileReference; lastKnownFileType = wrapper.xcdatamodel; path = LoginGuide.xcdatamodel; sourceTree = "<group>"; };
		AD15767A26AEF455001D99C3 /* Assets.xcassets */ = {isa = PBXFileReference; lastKnownFileType = folder.assetcatalog; path = Assets.xcassets; sourceTree = "<group>"; };
		AD15767D26AEF455001D99C3 /* Base */ = {isa = PBXFileReference; lastKnownFileType = file.storyboard; name = Base; path = Base.lproj/LaunchScreen.storyboard; sourceTree = "<group>"; };
		AD15767F26AEF455001D99C3 /* Info.plist */ = {isa = PBXFileReference; lastKnownFileType = text.plist.xml; path = Info.plist; sourceTree = "<group>"; };
		AD15768526AEFCAD001D99C3 /* PageCell.swift */ = {isa = PBXFileReference; lastKnownFileType = sourcecode.swift; path = PageCell.swift; sourceTree = "<group>"; };
		AD25EDFF26B03DC30013687D /* Page.swift */ = {isa = PBXFileReference; lastKnownFileType = sourcecode.swift; path = Page.swift; sourceTree = "<group>"; };
		AD25EE0126B052990013687D /* Extenstions.swift */ = {isa = PBXFileReference; lastKnownFileType = sourcecode.swift; path = Extenstions.swift; sourceTree = "<group>"; };
		AD32A50C26B2B19E00FA5144 /* LoginCell.swift */ = {isa = PBXFileReference; lastKnownFileType = sourcecode.swift; path = LoginCell.swift; sourceTree = "<group>"; };
/* End PBXFileReference section */

/* Begin PBXFrameworksBuildPhase section */
		AD15766826AEF455001D99C3 /* Frameworks */ = {
			isa = PBXFrameworksBuildPhase;
			buildActionMask = 2147483647;
			files = (
			);
			runOnlyForDeploymentPostprocessing = 0;
		};
/* End PBXFrameworksBuildPhase section */

/* Begin PBXGroup section */
		AD15766226AEF455001D99C3 = {
			isa = PBXGroup;
			children = (
				AD15766D26AEF455001D99C3 /* LoginGuide */,
				AD15766C26AEF455001D99C3 /* Products */,
			);
			sourceTree = "<group>";
		};
		AD15766C26AEF455001D99C3 /* Products */ = {
			isa = PBXGroup;
			children = (
				AD15766B26AEF455001D99C3 /* LoginGuide.app */,
			);
			name = Products;
			sourceTree = "<group>";
		};
		AD15766D26AEF455001D99C3 /* LoginGuide */ = {
			isa = PBXGroup;
			children = (
				AD32A50B26B2B12900FA5144 /* Models */,
				AD32A50A26B2B0F500FA5144 /* Controller */,
				AD32A50926B2B0C600FA5144 /* Views */,
				AD15766E26AEF455001D99C3 /* AppDelegate.swift */,
				AD15767026AEF455001D99C3 /* SceneDelegate.swift */,
				AD15767A26AEF455001D99C3 /* Assets.xcassets */,
				AD15767F26AEF455001D99C3 /* Info.plist */,
				AD15767726AEF455001D99C3 /* LoginGuide.xcdatamodeld */,
			);
			path = LoginGuide;
			sourceTree = "<group>";
		};
		AD32A50926B2B0C600FA5144 /* Views */ = {
			isa = PBXGroup;
			children = (
				AD15767426AEF455001D99C3 /* Main.storyboard */,
				AD15767C26AEF455001D99C3 /* LaunchScreen.storyboard */,
				AD15768526AEFCAD001D99C3 /* PageCell.swift */,
				AD25EE0126B052990013687D /* Extenstions.swift */,
				AD32A50C26B2B19E00FA5144 /* LoginCell.swift */,
			);
			path = Views;
			sourceTree = "<group>";
		};
		AD32A50A26B2B0F500FA5144 /* Controller */ = {
			isa = PBXGroup;
			children = (
				AD15767226AEF455001D99C3 /* ViewController.swift */,
			);
			path = Controller;
			sourceTree = "<group>";
		};
		AD32A50B26B2B12900FA5144 /* Models */ = {
			isa = PBXGroup;
			children = (
				AD25EDFF26B03DC30013687D /* Page.swift */,
			);
			path = Models;
			sourceTree = "<group>";
		};
/* End PBXGroup section */

/* Begin PBXNativeTarget section */
		AD15766A26AEF455001D99C3 /* LoginGuide */ = {
			isa = PBXNativeTarget;
			buildConfigurationList = AD15768226AEF455001D99C3 /* Build configuration list for PBXNativeTarget "LoginGuide" */;
			buildPhases = (
				AD15766726AEF455001D99C3 /* Sources */,
				AD15766826AEF455001D99C3 /* Frameworks */,
				AD15766926AEF455001D99C3 /* Resources */,
			);
			buildRules = (
			);
			dependencies = (
			);
			name = LoginGuide;
			productName = LoginGuide;
			productReference = AD15766B26AEF455001D99C3 /* LoginGuide.app */;
			productType = "com.apple.product-type.application";
		};
/* End PBXNativeTarget section */

/* Begin PBXProject section */
		AD15766326AEF455001D99C3 /* Project object */ = {
			isa = PBXProject;
			attributes = {
				LastSwiftUpdateCheck = 1250;
				LastUpgradeCheck = 1250;
				TargetAttributes = {
					AD15766A26AEF455001D99C3 = {
						CreatedOnToolsVersion = 12.5.1;
					};
				};
			};
			buildConfigurationList = AD15766626AEF455001D99C3 /* Build configuration list for PBXProject "LoginGuide" */;
			compatibilityVersion = "Xcode 9.3";
			developmentRegion = en;
			hasScannedForEncodings = 0;
			knownRegions = (
				en,
				Base,
			);
			mainGroup = AD15766226AEF455001D99C3;
			productRefGroup = AD15766C26AEF455001D99C3 /* Products */;
			projectDirPath = "";
			projectRoot = "";
			targets = (
				AD15766A26AEF455001D99C3 /* LoginGuide */,
			);
		};
/* End PBXProject section */

/* Begin PBXResourcesBuildPhase section */
		AD15766926AEF455001D99C3 /* Resources */ = {
			isa = PBXResourcesBuildPhase;
			buildActionMask = 2147483647;
			files = (
				AD15767E26AEF455001D99C3 /* LaunchScreen.storyboard in Resources */,
				AD15767B26AEF455001D99C3 /* Assets.xcassets in Resources */,
				AD15767626AEF455001D99C3 /* Main.storyboard in Resources */,
			);
			runOnlyForDeploymentPostprocessing = 0;
		};
/* End PBXResourcesBuildPhase section */

/* Begin PBXSourcesBuildPhase section */
		AD15766726AEF455001D99C3 /* Sources */ = {
			isa = PBXSourcesBuildPhase;
			buildActionMask = 2147483647;
			files = (
				AD15767326AEF455001D99C3 /* ViewController.swift in Sources */,
				AD15768626AEFCAD001D99C3 /* PageCell.swift in Sources */,
				AD25EE0226B052990013687D /* Extenstions.swift in Sources */,
				AD32A50D26B2B19E00FA5144 /* LoginCell.swift in Sources */,
				AD25EE0026B03DC30013687D /* Page.swift in Sources */,
				AD15766F26AEF455001D99C3 /* AppDelegate.swift in Sources */,
				AD15767926AEF455001D99C3 /* LoginGuide.xcdatamodeld in Sources */,
				AD15767126AEF455001D99C3 /* SceneDelegate.swift in Sources */,
			);
			runOnlyForDeploymentPostprocessing = 0;
		};
/* End PBXSourcesBuildPhase section */

/* Begin PBXVariantGroup section */
		AD15767426AEF455001D99C3 /* Main.storyboard */ = {
			isa = PBXVariantGroup;
			children = (
				AD15767526AEF455001D99C3 /* Base */,
			);
			name = Main.storyboard;
			sourceTree = "<group>";
		};
		AD15767C26AEF455001D99C3 /* LaunchScreen.storyboard */ = {
			isa = PBXVariantGroup;
			children = (
				AD15767D26AEF455001D99C3 /* Base */,
			);
			name = LaunchScreen.storyboard;
			sourceTree = "<group>";
		};
/* End PBXVariantGroup section */

/* Begin XCBuildConfiguration section */
		AD15768026AEF455001D99C3 /* Debug */ = {
			isa = XCBuildConfiguration;
			buildSettings = {
				ALWAYS_SEARCH_USER_PATHS = NO;
				CLANG_ANALYZER_NONNULL = YES;
				CLANG_ANALYZER_NUMBER_OBJECT_CONVERSION = YES_AGGRESSIVE;
				CLANG_CXX_LANGUAGE_STANDARD = "gnu++14";
				CLANG_CXX_LIBRARY = "libc++";
				CLANG_ENABLE_MODULES = YES;
				CLANG_ENABLE_OBJC_ARC = YES;
				CLANG_ENABLE_OBJC_WEAK = YES;
				CLANG_WARN_BLOCK_CAPTURE_AUTORELEASING = YES;
				CLANG_WARN_BOOL_CONVERSION = YES;
				CLANG_WARN_COMMA = YES;
				CLANG_WARN_CONSTANT_CONVERSION = YES;
				CLANG_WARN_DEPRECATED_OBJC_IMPLEMENTATIONS = YES;
				CLANG_WARN_DIRECT_OBJC_ISA_USAGE = YES_ERROR;
				CLANG_WARN_DOCUMENTATION_COMMENTS = YES;
				CLANG_WARN_EMPTY_BODY = YES;
				CLANG_WARN_ENUM_CONVERSION = YES;
				CLANG_WARN_INFINITE_RECURSION = YES;
				CLANG_WARN_INT_CONVERSION = YES;
				CLANG_WARN_NON_LITERAL_NULL_CONVERSION = YES;
				CLANG_WARN_OBJC_IMPLICIT_RETAIN_SELF = YES;
				CLANG_WARN_OBJC_LITERAL_CONVERSION = YES;
				CLANG_WARN_OBJC_ROOT_CLASS = YES_ERROR;
				CLANG_WARN_QUOTED_INCLUDE_IN_FRAMEWORK_HEADER = YES;
				CLANG_WARN_RANGE_LOOP_ANALYSIS = YES;
				CLANG_WARN_STRICT_PROTOTYPES = YES;
				CLANG_WARN_SUSPICIOUS_MOVE = YES;
				CLANG_WARN_UNGUARDED_AVAILABILITY = YES_AGGRESSIVE;
				CLANG_WARN_UNREACHABLE_CODE = YES;
				CLANG_WARN__DUPLICATE_METHOD_MATCH = YES;
				COPY_PHASE_STRIP = NO;
				DEBUG_INFORMATION_FORMAT = dwarf;
				ENABLE_STRICT_OBJC_MSGSEND = YES;
				ENABLE_TESTABILITY = YES;
				GCC_C_LANGUAGE_STANDARD = gnu11;
				GCC_DYNAMIC_NO_PIC = NO;
				GCC_NO_COMMON_BLOCKS = YES;
				GCC_OPTIMIZATION_LEVEL = 0;
				GCC_PREPROCESSOR_DEFINITIONS = (
					"DEBUG=1",
					"$(inherited)",
				);
				GCC_WARN_64_TO_32_BIT_CONVERSION = YES;
				GCC_WARN_ABOUT_RETURN_TYPE = YES_ERROR;
				GCC_WARN_UNDECLARED_SELECTOR = YES;
				GCC_WARN_UNINITIALIZED_AUTOS = YES_AGGRESSIVE;
				GCC_WARN_UNUSED_FUNCTION = YES;
				GCC_WARN_UNUSED_VARIABLE = YES;
				IPHONEOS_DEPLOYMENT_TARGET = 14.5;
				MTL_ENABLE_DEBUG_INFO = INCLUDE_SOURCE;
				MTL_FAST_MATH = YES;
				ONLY_ACTIVE_ARCH = YES;
				SDKROOT = iphoneos;
				SWIFT_ACTIVE_COMPILATION_CONDITIONS = DEBUG;
				SWIFT_OPTIMIZATION_LEVEL = "-Onone";
			};
			name = Debug;
		};
		AD15768126AEF455001D99C3 /* Release */ = {
			isa = XCBuildConfiguration;
			buildSettings = {
				ALWAYS_SEARCH_USER_PATHS = NO;
				CLANG_ANALYZER_NONNULL = YES;
				CLANG_ANALYZER_NUMBER_OBJECT_CONVERSION = YES_AGGRESSIVE;
				CLANG_CXX_LANGUAGE_STANDARD = "gnu++14";
				CLANG_CXX_LIBRARY = "libc++";
				CLANG_ENABLE_MODULES = YES;
				CLANG_ENABLE_OBJC_ARC = YES;
				CLANG_ENABLE_OBJC_WEAK = YES;
				CLANG_WARN_BLOCK_CAPTURE_AUTORELEASING = YES;
				CLANG_WARN_BOOL_CONVERSION = YES;
				CLANG_WARN_COMMA = YES;
				CLANG_WARN_CONSTANT_CONVERSION = YES;
				CLANG_WARN_DEPRECATED_OBJC_IMPLEMENTATIONS = YES;
				CLANG_WARN_DIRECT_OBJC_ISA_USAGE = YES_ERROR;
				CLANG_WARN_DOCUMENTATION_COMMENTS = YES;
				CLANG_WARN_EMPTY_BODY = YES;
				CLANG_WARN_ENUM_CONVERSION = YES;
				CLANG_WARN_INFINITE_RECURSION = YES;
				CLANG_WARN_INT_CONVERSION = YES;
				CLANG_WARN_NON_LITERAL_NULL_CONVERSION = YES;
				CLANG_WARN_OBJC_IMPLICIT_RETAIN_SELF = YES;
				CLANG_WARN_OBJC_LITERAL_CONVERSION = YES;
				CLANG_WARN_OBJC_ROOT_CLASS = YES_ERROR;
				CLANG_WARN_QUOTED_INCLUDE_IN_FRAMEWORK_HEADER = YES;
				CLANG_WARN_RANGE_LOOP_ANALYSIS = YES;
				CLANG_WARN_STRICT_PROTOTYPES = YES;
				CLANG_WARN_SUSPICIOUS_MOVE = YES;
				CLANG_WARN_UNGUARDED_AVAILABILITY = YES_AGGRESSIVE;
				CLANG_WARN_UNREACHABLE_CODE = YES;
				CLANG_WARN__DUPLICATE_METHOD_MATCH = YES;
				COPY_PHASE_STRIP = NO;
				DEBUG_INFORMATION_FORMAT = "dwarf-with-dsym";
				ENABLE_NS_ASSERTIONS = NO;
				ENABLE_STRICT_OBJC_MSGSEND = YES;
				GCC_C_LANGUAGE_STANDARD = gnu11;
				GCC_NO_COMMON_BLOCKS = YES;
				GCC_WARN_64_TO_32_BIT_CONVERSION = YES;
				GCC_WARN_ABOUT_RETURN_TYPE = YES_ERROR;
				GCC_WARN_UNDECLARED_SELECTOR = YES;
				GCC_WARN_UNINITIALIZED_AUTOS = YES_AGGRESSIVE;
				GCC_WARN_UNUSED_FUNCTION = YES;
				GCC_WARN_UNUSED_VARIABLE = YES;
				IPHONEOS_DEPLOYMENT_TARGET = 14.5;
				MTL_ENABLE_DEBUG_INFO = NO;
				MTL_FAST_MATH = YES;
				SDKROOT = iphoneos;
				SWIFT_COMPILATION_MODE = wholemodule;
				SWIFT_OPTIMIZATION_LEVEL = "-O";
				VALIDATE_PRODUCT = YES;
			};
			name = Release;
		};
		AD15768326AEF455001D99C3 /* Debug */ = {
			isa = XCBuildConfiguration;
			buildSettings = {
				ASSETCATALOG_COMPILER_APPICON_NAME = AppIcon;
				ASSETCATALOG_COMPILER_GLOBAL_ACCENT_COLOR_NAME = AccentColor;
				CODE_SIGN_STYLE = Automatic;
				INFOPLIST_FILE = LoginGuide/Info.plist;
				LD_RUNPATH_SEARCH_PATHS = (
					"$(inherited)",
					"@executable_path/Frameworks",
				);
				PRODUCT_BUNDLE_IDENTIFIER = com.ycompany.LoginGuide;
				PRODUCT_NAME = "$(TARGET_NAME)";
				SWIFT_VERSION = 5.0;
				TARGETED_DEVICE_FAMILY = "1,2";
			};
			name = Debug;
		};
		AD15768426AEF455001D99C3 /* Release */ = {
			isa = XCBuildConfiguration;
			buildSettings = {
				ASSETCATALOG_COMPILER_APPICON_NAME = AppIcon;
				ASSETCATALOG_COMPILER_GLOBAL_ACCENT_COLOR_NAME = AccentColor;
				CODE_SIGN_STYLE = Automatic;
				INFOPLIST_FILE = LoginGuide/Info.plist;
				LD_RUNPATH_SEARCH_PATHS = (
					"$(inherited)",
					"@executable_path/Frameworks",
				);
				PRODUCT_BUNDLE_IDENTIFIER = com.ycompany.LoginGuide;
				PRODUCT_NAME = "$(TARGET_NAME)";
				SWIFT_VERSION = 5.0;
				TARGETED_DEVICE_FAMILY = "1,2";
			};
			name = Release;
		};
/* End XCBuildConfiguration section */

/* Begin XCConfigurationList section */
		AD15766626AEF455001D99C3 /* Build configuration list for PBXProject "LoginGuide" */ = {
			isa = XCConfigurationList;
			buildConfigurations = (
				AD15768026AEF455001D99C3 /* Debug */,
				AD15768126AEF455001D99C3 /* Release */,
			);
			defaultConfigurationIsVisible = 0;
			defaultConfigurationName = Release;
		};
		AD15768226AEF455001D99C3 /* Build configuration list for PBXNativeTarget "LoginGuide" */ = {
			isa = XCConfigurationList;
			buildConfigurations = (
				AD15768326AEF455001D99C3 /* Debug */,
				AD15768426AEF455001D99C3 /* Release */,
			);
			defaultConfigurationIsVisible = 0;
			defaultConfigurationName = Release;
		};
/* End XCConfigurationList section */

/* Begin XCVersionGroup section */
		AD15767726AEF455001D99C3 /* LoginGuide.xcdatamodeld */ = {
			isa = XCVersionGroup;
			children = (
				AD15767826AEF455001D99C3 /* LoginGuide.xcdatamodel */,
			);
			currentVersion = AD15767826AEF455001D99C3 /* LoginGuide.xcdatamodel */;
			path = LoginGuide.xcdatamodeld;
			sourceTree = "<group>";
			versionGroupType = wrapper.xcdatamodel;
		};
/* End XCVersionGroup section */
	};
	rootObject = AD15766326AEF455001D99C3 /* Project object */;
}
